// !$*UTF8*$!
{
	archiveVersion = 1;
	classes = {
	};
	objectVersion = 50;
	objects = {

/* Begin PBXBuildFile section */
		04B055A9262964380060CFE8 /* AppDelegate.swift in Sources */ = {isa = PBXBuildFile; fileRef = 04B055A8262964380060CFE8 /* AppDelegate.swift */; };
		04B055AB262964380060CFE8 /* SceneDelegate.swift in Sources */ = {isa = PBXBuildFile; fileRef = 04B055AA262964380060CFE8 /* SceneDelegate.swift */; };
		04B055AD262964380060CFE8 /* ViewController.swift in Sources */ = {isa = PBXBuildFile; fileRef = 04B055AC262964380060CFE8 /* ViewController.swift */; };
		04B055B0262964380060CFE8 /* Main.storyboard in Resources */ = {isa = PBXBuildFile; fileRef = 04B055AE262964380060CFE8 /* Main.storyboard */; };
		04B055B3262964380060CFE8 /* coredata_saveimage1.xcdatamodeld in Sources */ = {isa = PBXBuildFile; fileRef = 04B055B1262964380060CFE8 /* coredata_saveimage1.xcdatamodeld */; };
		04B055B5262964440060CFE8 /* Assets.xcassets in Resources */ = {isa = PBXBuildFile; fileRef = 04B055B4262964440060CFE8 /* Assets.xcassets */; };
		04B055B8262964440060CFE8 /* LaunchScreen.storyboard in Resources */ = {isa = PBXBuildFile; fileRef = 04B055B6262964440060CFE8 /* LaunchScreen.storyboard */; };
/* End PBXBuildFile section */

/* Begin PBXFileReference section */
		04B055A5262964380060CFE8 /* coredata+saveimage1.app */ = {isa = PBXFileReference; explicitFileType = wrapper.application; includeInIndex = 0; path = "coredata+saveimage1.app"; sourceTree = BUILT_PRODUCTS_DIR; };
		04B055A8262964380060CFE8 /* AppDelegate.swift */ = {isa = PBXFileReference; lastKnownFileType = sourcecode.swift; path = AppDelegate.swift; sourceTree = "<group>"; };
		04B055AA262964380060CFE8 /* SceneDelegate.swift */ = {isa = PBXFileReference; lastKnownFileType = sourcecode.swift; path = SceneDelegate.swift; sourceTree = "<group>"; };
		04B055AC262964380060CFE8 /* ViewController.swift */ = {isa = PBXFileReference; lastKnownFileType = sourcecode.swift; path = ViewController.swift; sourceTree = "<group>"; };
		04B055AF262964380060CFE8 /* Base */ = {isa = PBXFileReference; lastKnownFileType = file.storyboard; name = Base; path = Base.lproj/Main.storyboard; sourceTree = "<group>"; };
		04B055B2262964380060CFE8 /* coredata_saveimage1.xcdatamodel */ = {isa = PBXFileReference; lastKnownFileType = wrapper.xcdatamodel; path = coredata_saveimage1.xcdatamodel; sourceTree = "<group>"; };
		04B055B4262964440060CFE8 /* Assets.xcassets */ = {isa = PBXFileReference; lastKnownFileType = folder.assetcatalog; path = Assets.xcassets; sourceTree = "<group>"; };
		04B055B7262964440060CFE8 /* Base */ = {isa = PBXFileReference; lastKnownFileType = file.storyboard; name = Base; path = Base.lproj/LaunchScreen.storyboard; sourceTree = "<group>"; };
		04B055B9262964440060CFE8 /* Info.plist */ = {isa = PBXFileReference; lastKnownFileType = text.plist.xml; path = Info.plist; sourceTree = "<group>"; };
/* End PBXFileReference section */

/* Begin PBXFrameworksBuildPhase section */
		04B055A2262964380060CFE8 /* Frameworks */ = {
			isa = PBXFrameworksBuildPhase;
			buildActionMask = 2147483647;
			files = (
			);
			runOnlyForDeploymentPostprocessing = 0;
		};
/* End PBXFrameworksBuildPhase section */

/* Begin PBXGroup section */
		04B0559C262964380060CFE8 = {
			isa = PBXGroup;
			children = (
				04B055A7262964380060CFE8 /* coredata+saveimage1 */,
				04B055A6262964380060CFE8 /* Products */,
			);
			sourceTree = "<group>";
		};
		04B055A6262964380060CFE8 /* Products */ = {
			isa = PBXGroup;
			children = (
				04B055A5262964380060CFE8 /* coredata+saveimage1.app */,
			);
			name = Products;
			sourceTree = "<group>";
		};
		04B055A7262964380060CFE8 /* coredata+saveimage1 */ = {
			isa = PBXGroup;
			children = (
				04B055A8262964380060CFE8 /* AppDelegate.swift */,
				04B055AA262964380060CFE8 /* SceneDelegate.swift */,
				04B055AC262964380060CFE8 /* ViewController.swift */,
				04B055AE262964380060CFE8 /* Main.storyboard */,
				04B055B4262964440060CFE8 /* Assets.xcassets */,
				04B055B6262964440060CFE8 /* LaunchScreen.storyboard */,
				04B055B9262964440060CFE8 /* Info.plist */,
				04B055B1262964380060CFE8 /* coredata_saveimage1.xcdatamodeld */,
			);
			path = "coredata+saveimage1";
			sourceTree = "<group>";
		};
/* End PBXGroup section */

/* Begin PBXNativeTarget section */
		04B055A4262964380060CFE8 /* coredata+saveimage1 */ = {
			isa = PBXNativeTarget;
			buildConfigurationList = 04B055BC262964440060CFE8 /* Build configuration list for PBXNativeTarget "coredata+saveimage1" */;
			buildPhases = (
				04B055A1262964380060CFE8 /* Sources */,
				04B055A2262964380060CFE8 /* Frameworks */,
				04B055A3262964380060CFE8 /* Resources */,
			);
			buildRules = (
			);
			dependencies = (
			);
			name = "coredata+saveimage1";
			productName = "coredata+saveimage1";
			productReference = 04B055A5262964380060CFE8 /* coredata+saveimage1.app */;
			productType = "com.apple.product-type.application";
		};
/* End PBXNativeTarget section */

/* Begin PBXProject section */
		04B0559D262964380060CFE8 /* Project object */ = {
			isa = PBXProject;
			attributes = {
				LastSwiftUpdateCheck = 1240;
				LastUpgradeCheck = 1240;
				TargetAttributes = {
					04B055A4262964380060CFE8 = {
						CreatedOnToolsVersion = 12.4;
					};
				};
			};
			buildConfigurationList = 04B055A0262964380060CFE8 /* Build configuration list for PBXProject "coredata+saveimage1" */;
			compatibilityVersion = "Xcode 9.3";
			developmentRegion = en;
			hasScannedForEncodings = 0;
			knownRegions = (
				en,
				Base,
			);
			mainGroup = 04B0559C262964380060CFE8;
			productRefGroup = 04B055A6262964380060CFE8 /* Products */;
			projectDirPath = "";
			projectRoot = "";
			targets = (
				04B055A4262964380060CFE8 /* coredata+saveimage1 */,
			);
		};
/* End PBXProject section */

/* Begin PBXResourcesBuildPhase section */
		04B055A3262964380060CFE8 /* Resources */ = {
			isa = PBXResourcesBuildPhase;
			buildActionMask = 2147483647;
			files = (
				04B055B8262964440060CFE8 /* LaunchScreen.storyboard in Resources */,
				04B055B5262964440060CFE8 /* Assets.xcassets in Resources */,
				04B055B0262964380060CFE8 /* Main.storyboard in Resources */,
			);
			runOnlyForDeploymentPostprocessing = 0;
		};
/* End PBXResourcesBuildPhase section */

/* Begin PBXSourcesBuildPhase section */
		04B055A1262964380060CFE8 /* Sources */ = {
			isa = PBXSourcesBuildPhase;
			buildActionMask = 2147483647;
			files = (
				04B055AD262964380060CFE8 /* ViewController.swift in Sources */,
				04B055A9262964380060CFE8 /* AppDelegate.swift in Sources */,
				04B055B3262964380060CFE8 /* coredata_saveimage1.xcdatamodeld in Sources */,
				04B055AB262964380060CFE8 /* SceneDelegate.swift in Sources */,
			);
			runOnlyForDeploymentPostprocessing = 0;
		};
/* End PBXSourcesBuildPhase section */

/* Begin PBXVariantGroup section */
		04B055AE262964380060CFE8 /* Main.storyboard */ = {
			isa = PBXVariantGroup;
			children = (
				04B055AF262964380060CFE8 /* Base */,
			);
			name = Main.storyboard;
			sourceTree = "<group>";
		};
		04B055B6262964440060CFE8 /* LaunchScreen.storyboard */ = {
			isa = PBXVariantGroup;
			children = (
				04B055B7262964440060CFE8 /* Base */,
			);
			name = LaunchScreen.storyboard;
			sourceTree = "<group>";
		};
/* End PBXVariantGroup section */

/* Begin XCBuildConfiguration section */
		04B055BA262964440060CFE8 /* Debug */ = {
			isa = XCBuildConfiguration;
			buildSettings = {
				ALWAYS_SEARCH_USER_PATHS = NO;
				CLANG_ANALYZER_NONNULL = YES;
				CLANG_ANALYZER_NUMBER_OBJECT_CONVERSION = YES_AGGRESSIVE;
				CLANG_CXX_LANGUAGE_STANDARD = "gnu++14";
				CLANG_CXX_LIBRARY = "libc++";
				CLANG_ENABLE_MODULES = YES;
				CLANG_ENABLE_OBJC_ARC = YES;
				CLANG_ENABLE_OBJC_WEAK = YES;
				CLANG_WARN_BLOCK_CAPTURE_AUTORELEASING = YES;
				CLANG_WARN_BOOL_CONVERSION = YES;
				CLANG_WARN_COMMA = YES;
				CLANG_WARN_CONSTANT_CONVERSION = YES;
				CLANG_WARN_DEPRECATED_OBJC_IMPLEMENTATIONS = YES;
				CLANG_WARN_DIRECT_OBJC_ISA_USAGE = YES_ERROR;
				CLANG_WARN_DOCUMENTATION_COMMENTS = YES;
				CLANG_WARN_EMPTY_BODY = YES;
				CLANG_WARN_ENUM_CONVERSION = YES;
				CLANG_WARN_INFINITE_RECURSION = YES;
				CLANG_WARN_INT_CONVERSION = YES;
				CLANG_WARN_NON_LITERAL_NULL_CONVERSION = YES;
				CLANG_WARN_OBJC_IMPLICIT_RETAIN_SELF = YES;
				CLANG_WARN_OBJC_LITERAL_CONVERSION = YES;
				CLANG_WARN_OBJC_ROOT_CLASS = YES_ERROR;
				CLANG_WARN_QUOTED_INCLUDE_IN_FRAMEWORK_HEADER = YES;
				CLANG_WARN_RANGE_LOOP_ANALYSIS = YES;
				CLANG_WARN_STRICT_PROTOTYPES = YES;
				CLANG_WARN_SUSPICIOUS_MOVE = YES;
				CLANG_WARN_UNGUARDED_AVAILABILITY = YES_AGGRESSIVE;
				CLANG_WARN_UNREACHABLE_CODE = YES;
				CLANG_WARN__DUPLICATE_METHOD_MATCH = YES;
				COPY_PHASE_STRIP = NO;
				DEBUG_INFORMATION_FORMAT = dwarf;
				ENABLE_STRICT_OBJC_MSGSEND = YES;
				ENABLE_TESTABILITY = YES;
				GCC_C_LANGUAGE_STANDARD = gnu11;
				GCC_DYNAMIC_NO_PIC = NO;
				GCC_NO_COMMON_BLOCKS = YES;
				GCC_OPTIMIZATION_LEVEL = 0;
				GCC_PREPROCESSOR_DEFINITIONS = (
					"DEBUG=1",
					"$(inherited)",
				);
				GCC_WARN_64_TO_32_BIT_CONVERSION = YES;
				GCC_WARN_ABOUT_RETURN_TYPE = YES_ERROR;
				GCC_WARN_UNDECLARED_SELECTOR = YES;
				GCC_WARN_UNINITIALIZED_AUTOS = YES_AGGRESSIVE;
				GCC_WARN_UNUSED_FUNCTION = YES;
				GCC_WARN_UNUSED_VARIABLE = YES;
				IPHONEOS_DEPLOYMENT_TARGET = 14.4;
				MTL_ENABLE_DEBUG_INFO = INCLUDE_SOURCE;
				MTL_FAST_MATH = YES;
				ONLY_ACTIVE_ARCH = YES;
				SDKROOT = iphoneos;
				SWIFT_ACTIVE_COMPILATION_CONDITIONS = DEBUG;
				SWIFT_OPTIMIZATION_LEVEL = "-Onone";
			};
			name = Debug;
		};
		04B055BB262964440060CFE8 /* Release */ = {
			isa = XCBuildConfiguration;
			buildSettings = {
				ALWAYS_SEARCH_USER_PATHS = NO;
				CLANG_ANALYZER_NONNULL = YES;
				CLANG_ANALYZER_NUMBER_OBJECT_CONVERSION = YES_AGGRESSIVE;
				CLANG_CXX_LANGUAGE_STANDARD = "gnu++14";
				CLANG_CXX_LIBRARY = "libc++";
				CLANG_ENABLE_MODULES = YES;
				CLANG_ENABLE_OBJC_ARC = YES;
				CLANG_ENABLE_OBJC_WEAK = YES;
				CLANG_WARN_BLOCK_CAPTURE_AUTORELEASING = YES;
				CLANG_WARN_BOOL_CONVERSION = YES;
				CLANG_WARN_COMMA = YES;
				CLANG_WARN_CONSTANT_CONVERSION = YES;
				CLANG_WARN_DEPRECATED_OBJC_IMPLEMENTATIONS = YES;
				CLANG_WARN_DIRECT_OBJC_ISA_USAGE = YES_ERROR;
				CLANG_WARN_DOCUMENTATION_COMMENTS = YES;
				CLANG_WARN_EMPTY_BODY = YES;
				CLANG_WARN_ENUM_CONVERSION = YES;
				CLANG_WARN_INFINITE_RECURSION = YES;
				CLANG_WARN_INT_CONVERSION = YES;
				CLANG_WARN_NON_LITERAL_NULL_CONVERSION = YES;
				CLANG_WARN_OBJC_IMPLICIT_RETAIN_SELF = YES;
				CLANG_WARN_OBJC_LITERAL_CONVERSION = YES;
				CLANG_WARN_OBJC_ROOT_CLASS = YES_ERROR;
				CLANG_WARN_QUOTED_INCLUDE_IN_FRAMEWORK_HEADER = YES;
				CLANG_WARN_RANGE_LOOP_ANALYSIS = YES;
				CLANG_WARN_STRICT_PROTOTYPES = YES;
				CLANG_WARN_SUSPICIOUS_MOVE = YES;
				CLANG_WARN_UNGUARDED_AVAILABILITY = YES_AGGRESSIVE;
				CLANG_WARN_UNREACHABLE_CODE = YES;
				CLANG_WARN__DUPLICATE_METHOD_MATCH = YES;
				COPY_PHASE_STRIP = NO;
				DEBUG_INFORMATION_FORMAT = "dwarf-with-dsym";
				ENABLE_NS_ASSERTIONS = NO;
				ENABLE_STRICT_OBJC_MSGSEND = YES;
				GCC_C_LANGUAGE_STANDARD = gnu11;
				GCC_NO_COMMON_BLOCKS = YES;
				GCC_WARN_64_TO_32_BIT_CONVERSION = YES;
				GCC_WARN_ABOUT_RETURN_TYPE = YES_ERROR;
				GCC_WARN_UNDECLARED_SELECTOR = YES;
				GCC_WARN_UNINITIALIZED_AUTOS = YES_AGGRESSIVE;
				GCC_WARN_UNUSED_FUNCTION = YES;
				GCC_WARN_UNUSED_VARIABLE = YES;
				IPHONEOS_DEPLOYMENT_TARGET = 14.4;
				MTL_ENABLE_DEBUG_INFO = NO;
				MTL_FAST_MATH = YES;
				SDKROOT = iphoneos;
				SWIFT_COMPILATION_MODE = wholemodule;
				SWIFT_OPTIMIZATION_LEVEL = "-O";
				VALIDATE_PRODUCT = YES;
			};
			name = Release;
		};
		04B055BD262964440060CFE8 /* Debug */ = {
			isa = XCBuildConfiguration;
			buildSettings = {
				ASSETCATALOG_COMPILER_APPICON_NAME = AppIcon;
				ASSETCATALOG_COMPILER_GLOBAL_ACCENT_COLOR_NAME = AccentColor;
				CODE_SIGN_STYLE = Automatic;
				DEVELOPMENT_TEAM = FLXQKS756N;
				INFOPLIST_FILE = "coredata+saveimage1/Info.plist";
				LD_RUNPATH_SEARCH_PATHS = (
					"$(inherited)",
					"@executable_path/Frameworks",
				);
				PRODUCT_BUNDLE_IDENTIFIER = "com.mazeed.shaik.coredata-saveimage1";
				PRODUCT_NAME = "$(TARGET_NAME)";
				SWIFT_VERSION = 5.0;
				TARGETED_DEVICE_FAMILY = "1,2";
			};
			name = Debug;
		};
		04B055BE262964440060CFE8 /* Release */ = {
			isa = XCBuildConfiguration;
			buildSettings = {
				ASSETCATALOG_COMPILER_APPICON_NAME = AppIcon;
				ASSETCATALOG_COMPILER_GLOBAL_ACCENT_COLOR_NAME = AccentColor;
				CODE_SIGN_STYLE = Automatic;
				DEVELOPMENT_TEAM = FLXQKS756N;
				INFOPLIST_FILE = "coredata+saveimage1/Info.plist";
				LD_RUNPATH_SEARCH_PATHS = (
					"$(inherited)",
					"@executable_path/Frameworks",
				);
				PRODUCT_BUNDLE_IDENTIFIER = "com.mazeed.shaik.coredata-saveimage1";
				PRODUCT_NAME = "$(TARGET_NAME)";
				SWIFT_VERSION = 5.0;
				TARGETED_DEVICE_FAMILY = "1,2";
			};
			name = Release;
		};
/* End XCBuildConfiguration section */

/* Begin XCConfigurationList section */
		04B055A0262964380060CFE8 /* Build configuration list for PBXProject "coredata+saveimage1" */ = {
			isa = XCConfigurationList;
			buildConfigurations = (
				04B055BA262964440060CFE8 /* Debug */,
				04B055BB262964440060CFE8 /* Release */,
			);
			defaultConfigurationIsVisible = 0;
			defaultConfigurationName = Release;
		};
		04B055BC262964440060CFE8 /* Build configuration list for PBXNativeTarget "coredata+saveimage1" */ = {
			isa = XCConfigurationList;
			buildConfigurations = (
				04B055BD262964440060CFE8 /* Debug */,
				04B055BE262964440060CFE8 /* Release */,
			);
			defaultConfigurationIsVisible = 0;
			defaultConfigurationName = Release;
		};
/* End XCConfigurationList section */

/* Begin XCVersionGroup section */
		04B055B1262964380060CFE8 /* coredata_saveimage1.xcdatamodeld */ = {
			isa = XCVersionGroup;
			children = (
				04B055B2262964380060CFE8 /* coredata_saveimage1.xcdatamodel */,
			);
			currentVersion = 04B055B2262964380060CFE8 /* coredata_saveimage1.xcdatamodel */;
			path = coredata_saveimage1.xcdatamodeld;
			sourceTree = "<group>";
			versionGroupType = wrapper.xcdatamodel;
		};
/* End XCVersionGroup section */
	};
	rootObject = 04B0559D262964380060CFE8 /* Project object */;
}
